
Microsoft Visual Studio Solution File, Format Version 12.00
# Visual Studio Version 16
VisualStudioVersion = 16.0.30711.63
MinimumVisualStudioVersion = 10.0.40219.1
Project("{9A19103F-16F7-4668-BE54-9A1E7A4F7556}") = "PropertyMataaz", "PropertyMataaz\PropertyMataaz.csproj", "{310BC6C3-3E16-47C5-B353-CD0A0F3D05CA}"
EndProject
Project("{FAE04EC0-301F-11D3-BF4B-00C04F79EFBC}") = "PropertyMataazTests", "PropertyMataazTests\PropertyMataazTests.csproj", "{3ED56544-470B-47C1-8FCC-A1D77DD25942}"
EndProject
Global
	GlobalSection(SolutionConfigurationPlatforms) = preSolution
		Debug|Any CPU = Debug|Any CPU
		Release|Any CPU = Release|Any CPU
	EndGlobalSection
	GlobalSection(ProjectConfigurationPlatforms) = postSolution
		{310BC6C3-3E16-47C5-B353-CD0A0F3D05CA}.Debug|Any CPU.ActiveCfg = Debug|Any CPU
		{310BC6C3-3E16-47C5-B353-CD0A0F3D05CA}.Debug|Any CPU.Build.0 = Debug|Any CPU
		{310BC6C3-3E16-47C5-B353-CD0A0F3D05CA}.Release|Any CPU.ActiveCfg = Release|Any CPU
		{310BC6C3-3E16-47C5-B353-CD0A0F3D05CA}.Release|Any CPU.Build.0 = Release|Any CPU
		{3ED56544-470B-47C1-8FCC-A1D77DD25942}.Debug|Any CPU.ActiveCfg = Debug|Any CPU
		{3ED56544-470B-47C1-8FCC-A1D77DD25942}.Debug|Any CPU.Build.0 = Debug|Any CPU
		{3ED56544-470B-47C1-8FCC-A1D77DD25942}.Release|Any CPU.ActiveCfg = Release|Any CPU
		{3ED56544-470B-47C1-8FCC-A1D77DD25942}.Release|Any CPU.Build.0 = Release|Any CPU
	EndGlobalSection
	GlobalSection(SolutionProperties) = preSolution
		HideSolutionNode = FALSE
	EndGlobalSection
	GlobalSection(ExtensibilityGlobals) = postSolution
		SolutionGuid = {86851673-EC2F-4AD6-AA3A-5AD35E359638}
	EndGlobalSection
EndGlobal
